# This file is automatically @generated by Poetry 2.1.2 and should not be changed by hand.

[[package]]
name = "pyjokes"
version = "0.8.3"
description = "One line jokes for programmers (jokes as a service)"
optional = false
python-versions = "<4.0,>=3.9"
groups = ["main"]
files = [
    {file = "pyjokes-0.8.3-py3-none-any.whl", hash = "sha256:12836e61bc7a2c1ff302604a040f0f63ac36c5c947c20319fcb5d1ab37bac46e"},
    {file = "pyjokes-0.8.3.tar.gz", hash = "sha256:5735d31e973d5b6934b46b89431505733c3110f9b66eac0ff0be86f7f3646423"},
]

[metadata]
lock-version = "2.1"
python-versions = "3.13.2"
content-hash = "0eaee3d32bc303252825809494be0f267ab60c1953fab3e3810bd060dc6beb99"
